
Microsoft Visual Studio Solution File, Format Version 12.00
# Visual Studio Version 16
VisualStudioVersion = 16.0.29728.190
MinimumVisualStudioVersion = 10.0.40219.1
Project("{FAE04EC0-301F-11D3-BF4B-00C04F79EFBC}") = "ex_plorer", "ex_plorer\ex_plorer.csproj", "{06E2D92B-4147-4B65-B49F-CA2375290FE6}"
EndProject
Global
	GlobalSection(SolutionConfigurationPlatforms) = preSolution
		Debug|Any CPU = Debug|Any CPU
		Release|Any CPU = Release|Any CPU
	EndGlobalSection
	GlobalSection(ProjectConfigurationPlatforms) = postSolution
		{06E2D92B-4147-4B65-B49F-CA2375290FE6}.Debug|Any CPU.ActiveCfg = Debug|Any CPU
		{06E2D92B-4147-4B65-B49F-CA2375290FE6}.Debug|Any CPU.Build.0 = Debug|Any CPU
		{06E2D92B-4147-4B65-B49F-CA2375290FE6}.Release|Any CPU.ActiveCfg = Release|Any CPU
		{06E2D92B-4147-4B65-B49F-CA2375290FE6}.Release|Any CPU.Build.0 = Release|Any CPU
	EndGlobalSection
	GlobalSection(SolutionProperties) = preSolution
		HideSolutionNode = FALSE
	EndGlobalSection
	GlobalSection(ExtensibilityGlobals) = postSolution
		SolutionGuid = {FBA06F63-2F2E-4835-BD93-B834985A0E1E}
	EndGlobalSection
EndGlobal
